
Microsoft Visual Studio Solution File, Format Version 12.00
# Visual Studio Version 17
VisualStudioVersion = 17.0.31903.59
MinimumVisualStudioVersion = 10.0.40219.1
Project("{2150E333-8FDC-42A3-9474-1A3956D46DE8}") = "src", "src", "{827E0CD3-B72D-47B6-A68D-7590B98EB39B}"
EndProject
Project("{FAE04EC0-301F-11D3-BF4B-00C04F79EFBC}") = "MealPlanner.Domain", "src\MealPlanner.Domain\MealPlanner.Domain.csproj", "{F0633C59-0960-4871-B802-0B3A1040CD43}"
EndProject
Project("{FAE04EC0-301F-11D3-BF4B-00C04F79EFBC}") = "MealPlanner.Application", "src\MealPlanner.Application\MealPlanner.Application.csproj", "{AEA4360D-E960-4E15-8C81-34D671033A89}"
EndProject
Project("{FAE04EC0-301F-11D3-BF4B-00C04F79EFBC}") = "MealPlanner.Infrastructure", "src\MealPlanner.Infrastructure\MealPlanner.Infrastructure.csproj", "{685D3112-982A-430F-8D1F-B9FC15DF7670}"
EndProject
Project("{FAE04EC0-301F-11D3-BF4B-00C04F79EFBC}") = "MealPlanner.Web", "src\MealPlanner.Web\MealPlanner.Web.csproj", "{87CB9F71-CBCA-40ED-BC03-1A544BDCC4DD}"
EndProject
Project("{2150E333-8FDC-42A3-9474-1A3956D46DE8}") = "tests", "tests", "{0AB3BF05-4346-4AA6-1389-037BE0695223}"
EndProject
Project("{FAE04EC0-301F-11D3-BF4B-00C04F79EFBC}") = "MealPlanner.Domain.Tests", "tests\MealPlanner.Domain.Tests\MealPlanner.Domain.Tests.csproj", "{2DBECD0C-86FC-4F3F-B5E6-AE2D55A62718}"
EndProject
Project("{FAE04EC0-301F-11D3-BF4B-00C04F79EFBC}") = "MealPlanner.Application.Tests", "tests\MealPlanner.Application.Tests\MealPlanner.Application.Tests.csproj", "{386C4545-3CFB-479F-AE09-9FD11D30A6F4}"
EndProject
Project("{FAE04EC0-301F-11D3-BF4B-00C04F79EFBC}") = "MealPlanner.Infrastructure.Tests", "tests\MealPlanner.Infrastructure.Tests\MealPlanner.Infrastructure.Tests.csproj", "{6A3227F4-AA9E-46EF-B662-58A9F7A4C2DE}"
EndProject
Global
	GlobalSection(SolutionConfigurationPlatforms) = preSolution
		Debug|Any CPU = Debug|Any CPU
		Debug|x64 = Debug|x64
		Debug|x86 = Debug|x86
		Release|Any CPU = Release|Any CPU
		Release|x64 = Release|x64
		Release|x86 = Release|x86
	EndGlobalSection
	GlobalSection(ProjectConfigurationPlatforms) = postSolution
		{F0633C59-0960-4871-B802-0B3A1040CD43}.Debug|Any CPU.ActiveCfg = Debug|Any CPU
		{F0633C59-0960-4871-B802-0B3A1040CD43}.Debug|Any CPU.Build.0 = Debug|Any CPU
		{F0633C59-0960-4871-B802-0B3A1040CD43}.Debug|x64.ActiveCfg = Debug|Any CPU
		{F0633C59-0960-4871-B802-0B3A1040CD43}.Debug|x64.Build.0 = Debug|Any CPU
		{F0633C59-0960-4871-B802-0B3A1040CD43}.Debug|x86.ActiveCfg = Debug|Any CPU
		{F0633C59-0960-4871-B802-0B3A1040CD43}.Debug|x86.Build.0 = Debug|Any CPU
		{F0633C59-0960-4871-B802-0B3A1040CD43}.Release|Any CPU.ActiveCfg = Release|Any CPU
		{F0633C59-0960-4871-B802-0B3A1040CD43}.Release|Any CPU.Build.0 = Release|Any CPU
		{F0633C59-0960-4871-B802-0B3A1040CD43}.Release|x64.ActiveCfg = Release|Any CPU
		{F0633C59-0960-4871-B802-0B3A1040CD43}.Release|x64.Build.0 = Release|Any CPU
		{F0633C59-0960-4871-B802-0B3A1040CD43}.Release|x86.ActiveCfg = Release|Any CPU
		{F0633C59-0960-4871-B802-0B3A1040CD43}.Release|x86.Build.0 = Release|Any CPU
		{AEA4360D-E960-4E15-8C81-34D671033A89}.Debug|Any CPU.ActiveCfg = Debug|Any CPU
		{AEA4360D-E960-4E15-8C81-34D671033A89}.Debug|Any CPU.Build.0 = Debug|Any CPU
		{AEA4360D-E960-4E15-8C81-34D671033A89}.Debug|x64.ActiveCfg = Debug|Any CPU
		{AEA4360D-E960-4E15-8C81-34D671033A89}.Debug|x64.Build.0 = Debug|Any CPU
		{AEA4360D-E960-4E15-8C81-34D671033A89}.Debug|x86.ActiveCfg = Debug|Any CPU
		{AEA4360D-E960-4E15-8C81-34D671033A89}.Debug|x86.Build.0 = Debug|Any CPU
		{AEA4360D-E960-4E15-8C81-34D671033A89}.Release|Any CPU.ActiveCfg = Release|Any CPU
		{AEA4360D-E960-4E15-8C81-34D671033A89}.Release|Any CPU.Build.0 = Release|Any CPU
		{AEA4360D-E960-4E15-8C81-34D671033A89}.Release|x64.ActiveCfg = Release|Any CPU
		{AEA4360D-E960-4E15-8C81-34D671033A89}.Release|x64.Build.0 = Release|Any CPU
		{AEA4360D-E960-4E15-8C81-34D671033A89}.Release|x86.ActiveCfg = Release|Any CPU
		{AEA4360D-E960-4E15-8C81-34D671033A89}.Release|x86.Build.0 = Release|Any CPU
		{685D3112-982A-430F-8D1F-B9FC15DF7670}.Debug|Any CPU.ActiveCfg = Debug|Any CPU
		{685D3112-982A-430F-8D1F-B9FC15DF7670}.Debug|Any CPU.Build.0 = Debug|Any CPU
		{685D3112-982A-430F-8D1F-B9FC15DF7670}.Debug|x64.ActiveCfg = Debug|Any CPU
		{685D3112-982A-430F-8D1F-B9FC15DF7670}.Debug|x64.Build.0 = Debug|Any CPU
		{685D3112-982A-430F-8D1F-B9FC15DF7670}.Debug|x86.ActiveCfg = Debug|Any CPU
		{685D3112-982A-430F-8D1F-B9FC15DF7670}.Debug|x86.Build.0 = Debug|Any CPU
		{685D3112-982A-430F-8D1F-B9FC15DF7670}.Release|Any CPU.ActiveCfg = Release|Any CPU
		{685D3112-982A-430F-8D1F-B9FC15DF7670}.Release|Any CPU.Build.0 = Release|Any CPU
		{685D3112-982A-430F-8D1F-B9FC15DF7670}.Release|x64.ActiveCfg = Release|Any CPU
		{685D3112-982A-430F-8D1F-B9FC15DF7670}.Release|x64.Build.0 = Release|Any CPU
		{685D3112-982A-430F-8D1F-B9FC15DF7670}.Release|x86.ActiveCfg = Release|Any CPU
		{685D3112-982A-430F-8D1F-B9FC15DF7670}.Release|x86.Build.0 = Release|Any CPU
		{87CB9F71-CBCA-40ED-BC03-1A544BDCC4DD}.Debug|Any CPU.ActiveCfg = Debug|Any CPU
		{87CB9F71-CBCA-40ED-BC03-1A544BDCC4DD}.Debug|Any CPU.Build.0 = Debug|Any CPU
		{87CB9F71-CBCA-40ED-BC03-1A544BDCC4DD}.Debug|x64.ActiveCfg = Debug|Any CPU
		{87CB9F71-CBCA-40ED-BC03-1A544BDCC4DD}.Debug|x64.Build.0 = Debug|Any CPU
		{87CB9F71-CBCA-40ED-BC03-1A544BDCC4DD}.Debug|x86.ActiveCfg = Debug|Any CPU
		{87CB9F71-CBCA-40ED-BC03-1A544BDCC4DD}.Debug|x86.Build.0 = Debug|Any CPU
		{87CB9F71-CBCA-40ED-BC03-1A544BDCC4DD}.Release|Any CPU.ActiveCfg = Release|Any CPU
		{87CB9F71-CBCA-40ED-BC03-1A544BDCC4DD}.Release|Any CPU.Build.0 = Release|Any CPU
		{87CB9F71-CBCA-40ED-BC03-1A544BDCC4DD}.Release|x64.ActiveCfg = Release|Any CPU
		{87CB9F71-CBCA-40ED-BC03-1A544BDCC4DD}.Release|x64.Build.0 = Release|Any CPU
		{87CB9F71-CBCA-40ED-BC03-1A544BDCC4DD}.Release|x86.ActiveCfg = Release|Any CPU
		{87CB9F71-CBCA-40ED-BC03-1A544BDCC4DD}.Release|x86.Build.0 = Release|Any CPU
		{2DBECD0C-86FC-4F3F-B5E6-AE2D55A62718}.Debug|Any CPU.ActiveCfg = Debug|Any CPU
		{2DBECD0C-86FC-4F3F-B5E6-AE2D55A62718}.Debug|Any CPU.Build.0 = Debug|Any CPU
		{2DBECD0C-86FC-4F3F-B5E6-AE2D55A62718}.Debug|x64.ActiveCfg = Debug|Any CPU
		{2DBECD0C-86FC-4F3F-B5E6-AE2D55A62718}.Debug|x64.Build.0 = Debug|Any CPU
		{2DBECD0C-86FC-4F3F-B5E6-AE2D55A62718}.Debug|x86.ActiveCfg = Debug|Any CPU
		{2DBECD0C-86FC-4F3F-B5E6-AE2D55A62718}.Debug|x86.Build.0 = Debug|Any CPU
		{2DBECD0C-86FC-4F3F-B5E6-AE2D55A62718}.Release|Any CPU.ActiveCfg = Release|Any CPU
		{2DBECD0C-86FC-4F3F-B5E6-AE2D55A62718}.Release|Any CPU.Build.0 = Release|Any CPU
		{2DBECD0C-86FC-4F3F-B5E6-AE2D55A62718}.Release|x64.ActiveCfg = Release|Any CPU
		{2DBECD0C-86FC-4F3F-B5E6-AE2D55A62718}.Release|x64.Build.0 = Release|Any CPU
		{2DBECD0C-86FC-4F3F-B5E6-AE2D55A62718}.Release|x86.ActiveCfg = Release|Any CPU
		{2DBECD0C-86FC-4F3F-B5E6-AE2D55A62718}.Release|x86.Build.0 = Release|Any CPU
		{386C4545-3CFB-479F-AE09-9FD11D30A6F4}.Debug|Any CPU.ActiveCfg = Debug|Any CPU
		{386C4545-3CFB-479F-AE09-9FD11D30A6F4}.Debug|Any CPU.Build.0 = Debug|Any CPU
		{386C4545-3CFB-479F-AE09-9FD11D30A6F4}.Debug|x64.ActiveCfg = Debug|Any CPU
		{386C4545-3CFB-479F-AE09-9FD11D30A6F4}.Debug|x64.Build.0 = Debug|Any CPU
		{386C4545-3CFB-479F-AE09-9FD11D30A6F4}.Debug|x86.ActiveCfg = Debug|Any CPU
		{386C4545-3CFB-479F-AE09-9FD11D30A6F4}.Debug|x86.Build.0 = Debug|Any CPU
		{386C4545-3CFB-479F-AE09-9FD11D30A6F4}.Release|Any CPU.ActiveCfg = Release|Any CPU
		{386C4545-3CFB-479F-AE09-9FD11D30A6F4}.Release|Any CPU.Build.0 = Release|Any CPU
		{386C4545-3CFB-479F-AE09-9FD11D30A6F4}.Release|x64.ActiveCfg = Release|Any CPU
		{386C4545-3CFB-479F-AE09-9FD11D30A6F4}.Release|x64.Build.0 = Release|Any CPU
		{386C4545-3CFB-479F-AE09-9FD11D30A6F4}.Release|x86.ActiveCfg = Release|Any CPU
		{386C4545-3CFB-479F-AE09-9FD11D30A6F4}.Release|x86.Build.0 = Release|Any CPU
		{6A3227F4-AA9E-46EF-B662-58A9F7A4C2DE}.Debug|Any CPU.ActiveCfg = Debug|Any CPU
		{6A3227F4-AA9E-46EF-B662-58A9F7A4C2DE}.Debug|Any CPU.Build.0 = Debug|Any CPU
		{6A3227F4-AA9E-46EF-B662-58A9F7A4C2DE}.Debug|x64.ActiveCfg = Debug|Any CPU
		{6A3227F4-AA9E-46EF-B662-58A9F7A4C2DE}.Debug|x64.Build.0 = Debug|Any CPU
		{6A3227F4-AA9E-46EF-B662-58A9F7A4C2DE}.Debug|x86.ActiveCfg = Debug|Any CPU
		{6A3227F4-AA9E-46EF-B662-58A9F7A4C2DE}.Debug|x86.Build.0 = Debug|Any CPU
		{6A3227F4-AA9E-46EF-B662-58A9F7A4C2DE}.Release|Any CPU.ActiveCfg = Release|Any CPU
		{6A3227F4-AA9E-46EF-B662-58A9F7A4C2DE}.Release|Any CPU.Build.0 = Release|Any CPU
		{6A3227F4-AA9E-46EF-B662-58A9F7A4C2DE}.Release|x64.ActiveCfg = Release|Any CPU
		{6A3227F4-AA9E-46EF-B662-58A9F7A4C2DE}.Release|x64.Build.0 = Release|Any CPU
		{6A3227F4-AA9E-46EF-B662-58A9F7A4C2DE}.Release|x86.ActiveCfg = Release|Any CPU
		{6A3227F4-AA9E-46EF-B662-58A9F7A4C2DE}.Release|x86.Build.0 = Release|Any CPU
	EndGlobalSection
	GlobalSection(SolutionProperties) = preSolution
		HideSolutionNode = FALSE
	EndGlobalSection
	GlobalSection(NestedProjects) = preSolution
		{F0633C59-0960-4871-B802-0B3A1040CD43} = {827E0CD3-B72D-47B6-A68D-7590B98EB39B}
		{AEA4360D-E960-4E15-8C81-34D671033A89} = {827E0CD3-B72D-47B6-A68D-7590B98EB39B}
		{685D3112-982A-430F-8D1F-B9FC15DF7670} = {827E0CD3-B72D-47B6-A68D-7590B98EB39B}
		{87CB9F71-CBCA-40ED-BC03-1A544BDCC4DD} = {827E0CD3-B72D-47B6-A68D-7590B98EB39B}
		{2DBECD0C-86FC-4F3F-B5E6-AE2D55A62718} = {0AB3BF05-4346-4AA6-1389-037BE0695223}
		{386C4545-3CFB-479F-AE09-9FD11D30A6F4} = {0AB3BF05-4346-4AA6-1389-037BE0695223}
		{6A3227F4-AA9E-46EF-B662-58A9F7A4C2DE} = {0AB3BF05-4346-4AA6-1389-037BE0695223}
	EndGlobalSection
EndGlobal
